
Microsoft Visual Studio Solution File, Format Version 12.00
# Visual Studio Version 17
VisualStudioVersion = 17.3.32901.215
MinimumVisualStudioVersion = 10.0.40219.1
Project("{9A19103F-16F7-4668-BE54-9A1E7A4F7556}") = "AWSLambda.Employees", "AWSLambda.Employees\AWSLambda.Employees.csproj", "{9CA63581-5CB1-4C7A-9020-115A16AFAFBB}"
EndProject
Global
	GlobalSection(SolutionConfigurationPlatforms) = preSolution
		Debug|Any CPU = Debug|Any CPU
		Release|Any CPU = Release|Any CPU
	EndGlobalSection
	GlobalSection(ProjectConfigurationPlatforms) = postSolution
		{9CA63581-5CB1-4C7A-9020-115A16AFAFBB}.Debug|Any CPU.ActiveCfg = Debug|Any CPU
		{9CA63581-5CB1-4C7A-9020-115A16AFAFBB}.Debug|Any CPU.Build.0 = Debug|Any CPU
		{9CA63581-5CB1-4C7A-9020-115A16AFAFBB}.Release|Any CPU.ActiveCfg = Release|Any CPU
		{9CA63581-5CB1-4C7A-9020-115A16AFAFBB}.Release|Any CPU.Build.0 = Release|Any CPU
	EndGlobalSection
	GlobalSection(SolutionProperties) = preSolution
		HideSolutionNode = FALSE
	EndGlobalSection
	GlobalSection(ExtensibilityGlobals) = postSolution
		SolutionGuid = {FD41BF53-3E8F-4A59-8DE2-28E39822D62B}
	EndGlobalSection
EndGlobal
