
Microsoft Visual Studio Solution File, Format Version 12.00
# Visual Studio Version 17
VisualStudioVersion = 17.4.33110.190
MinimumVisualStudioVersion = 10.0.40219.1
Project("{9A19103F-16F7-4668-BE54-9A1E7A4F7556}") = "EmployeesCRUD", "EmployeesCRUD\EmployeesCRUD.csproj", "{946516D1-3280-4BB9-8D90-6C5F1A4110F6}"
EndProject
Project("{9A19103F-16F7-4668-BE54-9A1E7A4F7556}") = "EmployeesCrudServerless", "EmployeesCrudServerless\EmployeesCrudServerless.csproj", "{9BD0B787-5128-452A-BBD4-54DDB82E25B4}"
EndProject
Project("{9A19103F-16F7-4668-BE54-9A1E7A4F7556}") = "EmployeesCRUD.ApiGw", "EmployeesCRUD.ApiGw\EmployeesCRUD.ApiGw.csproj", "{ACD898AD-0CA3-4876-927C-3805E5CBCE8D}"
EndProject
Project("{FAE04EC0-301F-11D3-BF4B-00C04F79EFBC}") = "Employees.Core", "Employees.Core\Employees.Core.csproj", "{D9BCFDC4-AAF7-40AF-B6E1-E8E862168005}"
EndProject
Global
	GlobalSection(SolutionConfigurationPlatforms) = preSolution
		Debug|Any CPU = Debug|Any CPU
		Release|Any CPU = Release|Any CPU
	EndGlobalSection
	GlobalSection(ProjectConfigurationPlatforms) = postSolution
		{946516D1-3280-4BB9-8D90-6C5F1A4110F6}.Debug|Any CPU.ActiveCfg = Debug|Any CPU
		{946516D1-3280-4BB9-8D90-6C5F1A4110F6}.Debug|Any CPU.Build.0 = Debug|Any CPU
		{946516D1-3280-4BB9-8D90-6C5F1A4110F6}.Release|Any CPU.ActiveCfg = Release|Any CPU
		{946516D1-3280-4BB9-8D90-6C5F1A4110F6}.Release|Any CPU.Build.0 = Release|Any CPU
		{9BD0B787-5128-452A-BBD4-54DDB82E25B4}.Debug|Any CPU.ActiveCfg = Debug|Any CPU
		{9BD0B787-5128-452A-BBD4-54DDB82E25B4}.Debug|Any CPU.Build.0 = Debug|Any CPU
		{9BD0B787-5128-452A-BBD4-54DDB82E25B4}.Release|Any CPU.ActiveCfg = Release|Any CPU
		{9BD0B787-5128-452A-BBD4-54DDB82E25B4}.Release|Any CPU.Build.0 = Release|Any CPU
		{ACD898AD-0CA3-4876-927C-3805E5CBCE8D}.Debug|Any CPU.ActiveCfg = Debug|Any CPU
		{ACD898AD-0CA3-4876-927C-3805E5CBCE8D}.Debug|Any CPU.Build.0 = Debug|Any CPU
		{ACD898AD-0CA3-4876-927C-3805E5CBCE8D}.Release|Any CPU.ActiveCfg = Release|Any CPU
		{ACD898AD-0CA3-4876-927C-3805E5CBCE8D}.Release|Any CPU.Build.0 = Release|Any CPU
		{D9BCFDC4-AAF7-40AF-B6E1-E8E862168005}.Debug|Any CPU.ActiveCfg = Debug|Any CPU
		{D9BCFDC4-AAF7-40AF-B6E1-E8E862168005}.Debug|Any CPU.Build.0 = Debug|Any CPU
		{D9BCFDC4-AAF7-40AF-B6E1-E8E862168005}.Release|Any CPU.ActiveCfg = Release|Any CPU
		{D9BCFDC4-AAF7-40AF-B6E1-E8E862168005}.Release|Any CPU.Build.0 = Release|Any CPU
	EndGlobalSection
	GlobalSection(SolutionProperties) = preSolution
		HideSolutionNode = FALSE
	EndGlobalSection
	GlobalSection(ExtensibilityGlobals) = postSolution
		SolutionGuid = {5014035B-F9BE-4F65-AE19-3518B4CFD4DC}
	EndGlobalSection
EndGlobal
